PODS:
  - Google-Mobile-Ads-SDK (7.36.0)

DEPENDENCIES:
  - Google-Mobile-Ads-SDK

SPEC REPOS:
  https://github.com/cocoapods/specs.git:
    - Google-Mobile-Ads-SDK

SPEC CHECKSUMS:
  Google-Mobile-Ads-SDK: 5bb4d2cea811842e104a24780caef63b4808e1bd

PODFILE CHECKSUM: bfafdb813a024641c32dc8dcf7360f5a8b6023c7

COCOAPODS: 1.6.0.beta.2
