PODS:
  - Google-Mobile-Ads-SDK (7.34.0)

DEPENDENCIES:
  - Google-Mobile-Ads-SDK

SPEC REPOS:
  https://github.com/cocoapods/specs.git:
    - Google-Mobile-Ads-SDK

SPEC CHECKSUMS:
  Google-Mobile-Ads-SDK: a1cbce28c0c78ca1fb0b6c4f213485f55527c99f

PODFILE CHECKSUM: bfafdb813a024641c32dc8dcf7360f5a8b6023c7

COCOAPODS: 1.6.0.beta.1
