// !$*UTF8*$!
{
	archiveVersion = 1;
	classes = {
	};
	objectVersion = 50;
	objects = {

/* Begin PBXBuildFile section */
		37135EC121B592EB00A0B9AA /* GIFMaker.swift in Sources */ = {isa = PBXBuildFile; fileRef = 37135EC021B592EB00A0B9AA /* GIFMaker.swift */; };
		37135EC321B5946400A0B9AA /* ScreenToGIFManager.swift in Sources */ = {isa = PBXBuildFile; fileRef = 37135EC221B5946400A0B9AA /* ScreenToGIFManager.swift */; };
		3715DEA22178FF0400885E84 /* Prex.framework in Frameworks */ = {isa = PBXBuildFile; fileRef = 3715DEA12178FF0400885E84 /* Prex.framework */; };
		3715DEA42178FF8F00885E84 /* ARPresenter.swift in Sources */ = {isa = PBXBuildFile; fileRef = 3715DEA32178FF8F00885E84 /* ARPresenter.swift */; };
		3715DEA62179096300885E84 /* ARViewDelegateProxy.swift in Sources */ = {isa = PBXBuildFile; fileRef = 3715DEA52179096300885E84 /* ARViewDelegateProxy.swift */; };
		3715DEA821790B9500885E84 /* ARView.PrexComponents.swift in Sources */ = {isa = PBXBuildFile; fileRef = 3715DEA721790B9500885E84 /* ARView.PrexComponents.swift */; };
		375D300F216D15D700D5B953 /* AppDelegate.swift in Sources */ = {isa = PBXBuildFile; fileRef = 375D300E216D15D700D5B953 /* AppDelegate.swift */; };
		375D3016216D15D800D5B953 /* Assets.xcassets in Resources */ = {isa = PBXBuildFile; fileRef = 375D3015216D15D800D5B953 /* Assets.xcassets */; };
		375D3019216D15D800D5B953 /* LaunchScreen.storyboard in Resources */ = {isa = PBXBuildFile; fileRef = 375D3017216D15D800D5B953 /* LaunchScreen.storyboard */; };
		3771D609216FC61E003909BE /* AdMobConfig.swift in Sources */ = {isa = PBXBuildFile; fileRef = 3771D608216FC61E003909BE /* AdMobConfig.swift */; };
		3771D611216FCBF7003909BE /* SettingViewController.swift in Sources */ = {isa = PBXBuildFile; fileRef = 3771D610216FCBF7003909BE /* SettingViewController.swift */; };
		378D64AB218371BD00908138 /* ShredderViewController.swift in Sources */ = {isa = PBXBuildFile; fileRef = 378D64AA218371BD00908138 /* ShredderViewController.swift */; };
		378D64AD2183720100908138 /* ShredderViewController.xib in Resources */ = {isa = PBXBuildFile; fileRef = 378D64AC2183720100908138 /* ShredderViewController.xib */; };
		378D64B02183741500908138 /* SettingViewController.xib in Resources */ = {isa = PBXBuildFile; fileRef = 378D64AF2183741500908138 /* SettingViewController.xib */; };
		378D64B3218378E900908138 /* Secret.swift in Sources */ = {isa = PBXBuildFile; fileRef = 3771D60C216FC711003909BE /* Secret.swift */; };
		378D64B521837AA400908138 /* LocalizedString.swift in Sources */ = {isa = PBXBuildFile; fileRef = 378D64B421837AA400908138 /* LocalizedString.swift */; };
		378D64B721837E0800908138 /* SettingPresenter.swift in Sources */ = {isa = PBXBuildFile; fileRef = 378D64B621837E0800908138 /* SettingPresenter.swift */; };
		378D64B92183829500908138 /* SettingView.PrexComponets.swift in Sources */ = {isa = PBXBuildFile; fileRef = 378D64B82183829500908138 /* SettingView.PrexComponets.swift */; };
		37A069A22172F1F40083873F /* Localizable.strings in Resources */ = {isa = PBXBuildFile; fileRef = 37A069A42172F1F40083873F /* Localizable.strings */; };
		37BB0CD52173142700C175EB /* InfoPlist.strings in Resources */ = {isa = PBXBuildFile; fileRef = 37BB0CD72173142700C175EB /* InfoPlist.strings */; };
		37D45B0C21B43CDA00B531C9 /* ScreenRecorder.swift in Sources */ = {isa = PBXBuildFile; fileRef = 37D45B0B21B43CDA00B531C9 /* ScreenRecorder.swift */; };
		37D45B0E21B43EE800B531C9 /* ScreenCaptureManager.swift in Sources */ = {isa = PBXBuildFile; fileRef = 37D45B0D21B43EE800B531C9 /* ScreenCaptureManager.swift */; };
		37D45B1221B450CE00B531C9 /* DispatchQueue.extension.swift in Sources */ = {isa = PBXBuildFile; fileRef = 37D45B1121B450CE00B531C9 /* DispatchQueue.extension.swift */; };
		37E47A4E2175E5F700C7E693 /* ARViewController.swift in Sources */ = {isa = PBXBuildFile; fileRef = 37E47A4D2175E5F700C7E693 /* ARViewController.swift */; };
		37E47A5621765E4400C7E693 /* ARShredderLayer.swift in Sources */ = {isa = PBXBuildFile; fileRef = 37E47A5521765E4400C7E693 /* ARShredderLayer.swift */; };
		37E47A5821767F5F00C7E693 /* ARViewController.xib in Resources */ = {isa = PBXBuildFile; fileRef = 37E47A5721767F5F00C7E693 /* ARViewController.xib */; };
		37E47A5B2176EADB00C7E693 /* UIImage.extension.swift in Sources */ = {isa = PBXBuildFile; fileRef = 37E47A5A2176EADB00C7E693 /* UIImage.extension.swift */; };
		37E47A5D2176EB1000C7E693 /* Additional.swift in Sources */ = {isa = PBXBuildFile; fileRef = 37E47A5C2176EB1000C7E693 /* Additional.swift */; };
		37E47A5F2176EE7000C7E693 /* ARShredderNode.swift in Sources */ = {isa = PBXBuildFile; fileRef = 37E47A5E2176EE7000C7E693 /* ARShredderNode.swift */; };
		719AE58EEDEC814482CE58CF /* Pods_ArtShredder.framework in Frameworks */ = {isa = PBXBuildFile; fileRef = 35DD7BD236D6A68D7E549A88 /* Pods_ArtShredder.framework */; };
/* End PBXBuildFile section */

/* Begin PBXFileReference section */
		1EF19B87DCFEB853B83C3FB3 /* Pods-Shuretta.release.xcconfig */ = {isa = PBXFileReference; includeInIndex = 1; lastKnownFileType = text.xcconfig; name = "Pods-Shuretta.release.xcconfig"; path = "Target Support Files/Pods-Shuretta/Pods-Shuretta.release.xcconfig"; sourceTree = "<group>"; };
		35DD7BD236D6A68D7E549A88 /* Pods_ArtShredder.framework */ = {isa = PBXFileReference; explicitFileType = wrapper.framework; includeInIndex = 0; path = Pods_ArtShredder.framework; sourceTree = BUILT_PRODUCTS_DIR; };
		37135EC021B592EB00A0B9AA /* GIFMaker.swift */ = {isa = PBXFileReference; lastKnownFileType = sourcecode.swift; path = GIFMaker.swift; sourceTree = "<group>"; };
		37135EC221B5946400A0B9AA /* ScreenToGIFManager.swift */ = {isa = PBXFileReference; lastKnownFileType = sourcecode.swift; path = ScreenToGIFManager.swift; sourceTree = "<group>"; };
		3715DEA12178FF0400885E84 /* Prex.framework */ = {isa = PBXFileReference; lastKnownFileType = wrapper.framework; name = Prex.framework; path = Carthage/Build/iOS/Prex.framework; sourceTree = "<group>"; };
		3715DEA32178FF8F00885E84 /* ARPresenter.swift */ = {isa = PBXFileReference; lastKnownFileType = sourcecode.swift; path = ARPresenter.swift; sourceTree = "<group>"; };
		3715DEA52179096300885E84 /* ARViewDelegateProxy.swift */ = {isa = PBXFileReference; lastKnownFileType = sourcecode.swift; path = ARViewDelegateProxy.swift; sourceTree = "<group>"; };
		3715DEA721790B9500885E84 /* ARView.PrexComponents.swift */ = {isa = PBXFileReference; lastKnownFileType = sourcecode.swift; path = ARView.PrexComponents.swift; sourceTree = "<group>"; };
		375D300B216D15D700D5B953 /* ArtShredder.app */ = {isa = PBXFileReference; explicitFileType = wrapper.application; includeInIndex = 0; path = ArtShredder.app; sourceTree = BUILT_PRODUCTS_DIR; };
		375D300E216D15D700D5B953 /* AppDelegate.swift */ = {isa = PBXFileReference; lastKnownFileType = sourcecode.swift; path = AppDelegate.swift; sourceTree = "<group>"; };
		375D3015216D15D800D5B953 /* Assets.xcassets */ = {isa = PBXFileReference; lastKnownFileType = folder.assetcatalog; path = Assets.xcassets; sourceTree = "<group>"; };
		375D3018216D15D800D5B953 /* Base */ = {isa = PBXFileReference; lastKnownFileType = file.storyboard; name = Base; path = Base.lproj/LaunchScreen.storyboard; sourceTree = "<group>"; };
		375D301A216D15D800D5B953 /* Info.plist */ = {isa = PBXFileReference; lastKnownFileType = text.plist.xml; path = Info.plist; sourceTree = "<group>"; };
		3771D608216FC61E003909BE /* AdMobConfig.swift */ = {isa = PBXFileReference; lastKnownFileType = sourcecode.swift; path = AdMobConfig.swift; sourceTree = "<group>"; };
		3771D60C216FC711003909BE /* Secret.swift */ = {isa = PBXFileReference; lastKnownFileType = sourcecode.swift; path = Secret.swift; sourceTree = "<group>"; };
		3771D610216FCBF7003909BE /* SettingViewController.swift */ = {isa = PBXFileReference; lastKnownFileType = sourcecode.swift; path = SettingViewController.swift; sourceTree = "<group>"; };
		378D64AA218371BD00908138 /* ShredderViewController.swift */ = {isa = PBXFileReference; lastKnownFileType = sourcecode.swift; path = ShredderViewController.swift; sourceTree = "<group>"; };
		378D64AC2183720100908138 /* ShredderViewController.xib */ = {isa = PBXFileReference; lastKnownFileType = file.xib; path = ShredderViewController.xib; sourceTree = "<group>"; };
		378D64AF2183741500908138 /* SettingViewController.xib */ = {isa = PBXFileReference; lastKnownFileType = file.xib; path = SettingViewController.xib; sourceTree = "<group>"; };
		378D64B421837AA400908138 /* LocalizedString.swift */ = {isa = PBXFileReference; lastKnownFileType = sourcecode.swift; path = LocalizedString.swift; sourceTree = "<group>"; };
		378D64B621837E0800908138 /* SettingPresenter.swift */ = {isa = PBXFileReference; lastKnownFileType = sourcecode.swift; path = SettingPresenter.swift; sourceTree = "<group>"; };
		378D64B82183829500908138 /* SettingView.PrexComponets.swift */ = {isa = PBXFileReference; lastKnownFileType = sourcecode.swift; path = SettingView.PrexComponets.swift; sourceTree = "<group>"; };
		37A069A32172F1F40083873F /* en */ = {isa = PBXFileReference; lastKnownFileType = text.plist.strings; name = en; path = en.lproj/Localizable.strings; sourceTree = "<group>"; };
		37A069A52172F2110083873F /* ja */ = {isa = PBXFileReference; lastKnownFileType = text.plist.strings; name = ja; path = ja.lproj/Localizable.strings; sourceTree = "<group>"; };
		37BB0CD62173142700C175EB /* en */ = {isa = PBXFileReference; lastKnownFileType = text.plist.strings; name = en; path = en.lproj/InfoPlist.strings; sourceTree = "<group>"; };
		37BB0CD82173142900C175EB /* ja */ = {isa = PBXFileReference; lastKnownFileType = text.plist.strings; name = ja; path = ja.lproj/InfoPlist.strings; sourceTree = "<group>"; };
		37D45B0B21B43CDA00B531C9 /* ScreenRecorder.swift */ = {isa = PBXFileReference; lastKnownFileType = sourcecode.swift; path = ScreenRecorder.swift; sourceTree = "<group>"; };
		37D45B0D21B43EE800B531C9 /* ScreenCaptureManager.swift */ = {isa = PBXFileReference; lastKnownFileType = sourcecode.swift; path = ScreenCaptureManager.swift; sourceTree = "<group>"; };
		37D45B1121B450CE00B531C9 /* DispatchQueue.extension.swift */ = {isa = PBXFileReference; lastKnownFileType = sourcecode.swift; path = DispatchQueue.extension.swift; sourceTree = "<group>"; };
		37E47A4D2175E5F700C7E693 /* ARViewController.swift */ = {isa = PBXFileReference; lastKnownFileType = sourcecode.swift; path = ARViewController.swift; sourceTree = "<group>"; };
		37E47A5521765E4400C7E693 /* ARShredderLayer.swift */ = {isa = PBXFileReference; lastKnownFileType = sourcecode.swift; path = ARShredderLayer.swift; sourceTree = "<group>"; };
		37E47A5721767F5F00C7E693 /* ARViewController.xib */ = {isa = PBXFileReference; lastKnownFileType = file.xib; path = ARViewController.xib; sourceTree = "<group>"; };
		37E47A5A2176EADB00C7E693 /* UIImage.extension.swift */ = {isa = PBXFileReference; lastKnownFileType = sourcecode.swift; path = UIImage.extension.swift; sourceTree = "<group>"; };
		37E47A5C2176EB1000C7E693 /* Additional.swift */ = {isa = PBXFileReference; lastKnownFileType = sourcecode.swift; path = Additional.swift; sourceTree = "<group>"; };
		37E47A5E2176EE7000C7E693 /* ARShredderNode.swift */ = {isa = PBXFileReference; lastKnownFileType = sourcecode.swift; path = ARShredderNode.swift; sourceTree = "<group>"; };
		50664214F47F5720970D3FB3 /* Pods-Shuretta.debug.xcconfig */ = {isa = PBXFileReference; includeInIndex = 1; lastKnownFileType = text.xcconfig; name = "Pods-Shuretta.debug.xcconfig"; path = "Target Support Files/Pods-Shuretta/Pods-Shuretta.debug.xcconfig"; sourceTree = "<group>"; };
		507343E919352EA6D8DC0C01 /* Pods-ArtShredder.release.xcconfig */ = {isa = PBXFileReference; includeInIndex = 1; lastKnownFileType = text.xcconfig; name = "Pods-ArtShredder.release.xcconfig"; path = "Target Support Files/Pods-ArtShredder/Pods-ArtShredder.release.xcconfig"; sourceTree = "<group>"; };
		8A7AB8C6A53CB22B19ED19E4 /* Pods-ArtShredder.debug.xcconfig */ = {isa = PBXFileReference; includeInIndex = 1; lastKnownFileType = text.xcconfig; name = "Pods-ArtShredder.debug.xcconfig"; path = "Target Support Files/Pods-ArtShredder/Pods-ArtShredder.debug.xcconfig"; sourceTree = "<group>"; };
		EAA1FBADD1E3C9EA2FA09CC6 /* Pods_Shuretta.framework */ = {isa = PBXFileReference; explicitFileType = wrapper.framework; includeInIndex = 0; path = Pods_Shuretta.framework; sourceTree = BUILT_PRODUCTS_DIR; };
/* End PBXFileReference section */

/* Begin PBXFrameworksBuildPhase section */
		375D3008216D15D700D5B953 /* Frameworks */ = {
			isa = PBXFrameworksBuildPhase;
			buildActionMask = 2147483647;
			files = (
				3715DEA22178FF0400885E84 /* Prex.framework in Frameworks */,
				719AE58EEDEC814482CE58CF /* Pods_ArtShredder.framework in Frameworks */,
			);
			runOnlyForDeploymentPostprocessing = 0;
		};
/* End PBXFrameworksBuildPhase section */

/* Begin PBXGroup section */
		1AF63382D1E27FE145A7E48B /* Pods */ = {
			isa = PBXGroup;
			children = (
				50664214F47F5720970D3FB3 /* Pods-Shuretta.debug.xcconfig */,
				1EF19B87DCFEB853B83C3FB3 /* Pods-Shuretta.release.xcconfig */,
				8A7AB8C6A53CB22B19ED19E4 /* Pods-ArtShredder.debug.xcconfig */,
				507343E919352EA6D8DC0C01 /* Pods-ArtShredder.release.xcconfig */,
			);
			path = Pods;
			sourceTree = "<group>";
		};
		1BF0846AD1F6339F217DE70C /* Frameworks */ = {
			isa = PBXGroup;
			children = (
				3715DEA12178FF0400885E84 /* Prex.framework */,
				EAA1FBADD1E3C9EA2FA09CC6 /* Pods_Shuretta.framework */,
				35DD7BD236D6A68D7E549A88 /* Pods_ArtShredder.framework */,
			);
			name = Frameworks;
			sourceTree = "<group>";
		};
		375D3002216D15D700D5B953 = {
			isa = PBXGroup;
			children = (
				375D300D216D15D700D5B953 /* ArtShredder */,
				375D300C216D15D700D5B953 /* Products */,
				1AF63382D1E27FE145A7E48B /* Pods */,
				1BF0846AD1F6339F217DE70C /* Frameworks */,
			);
			sourceTree = "<group>";
		};
		375D300C216D15D700D5B953 /* Products */ = {
			isa = PBXGroup;
			children = (
				375D300B216D15D700D5B953 /* ArtShredder.app */,
			);
			name = Products;
			sourceTree = "<group>";
		};
		375D300D216D15D700D5B953 /* ArtShredder */ = {
			isa = PBXGroup;
			children = (
				378D64B12183779800908138 /* Resources */,
				378D64B22183786B00908138 /* Common */,
				378D64AE218373F800908138 /* Setting */,
				378D64A9218371A000908138 /* Shredder */,
				37E47A4C2175E59C00C7E693 /* AR */,
				375D300E216D15D700D5B953 /* AppDelegate.swift */,
			);
			path = ArtShredder;
			sourceTree = "<group>";
		};
		378D64A9218371A000908138 /* Shredder */ = {
			isa = PBXGroup;
			children = (
				378D64AA218371BD00908138 /* ShredderViewController.swift */,
				378D64AC2183720100908138 /* ShredderViewController.xib */,
			);
			path = Shredder;
			sourceTree = "<group>";
		};
		378D64AE218373F800908138 /* Setting */ = {
			isa = PBXGroup;
			children = (
				3771D610216FCBF7003909BE /* SettingViewController.swift */,
				378D64AF2183741500908138 /* SettingViewController.xib */,
				378D64B621837E0800908138 /* SettingPresenter.swift */,
				378D64B82183829500908138 /* SettingView.PrexComponets.swift */,
			);
			path = Setting;
			sourceTree = "<group>";
		};
		378D64B12183779800908138 /* Resources */ = {
			isa = PBXGroup;
			children = (
				375D3015216D15D800D5B953 /* Assets.xcassets */,
				375D3017216D15D800D5B953 /* LaunchScreen.storyboard */,
				375D301A216D15D800D5B953 /* Info.plist */,
				37A069A42172F1F40083873F /* Localizable.strings */,
				37BB0CD72173142700C175EB /* InfoPlist.strings */,
			);
			path = Resources;
			sourceTree = "<group>";
		};
		378D64B22183786B00908138 /* Common */ = {
			isa = PBXGroup;
			children = (
				3771D608216FC61E003909BE /* AdMobConfig.swift */,
				3771D60C216FC711003909BE /* Secret.swift */,
				378D64B421837AA400908138 /* LocalizedString.swift */,
				37D45B0B21B43CDA00B531C9 /* ScreenRecorder.swift */,
				37D45B0D21B43EE800B531C9 /* ScreenCaptureManager.swift */,
				37135EC021B592EB00A0B9AA /* GIFMaker.swift */,
				37135EC221B5946400A0B9AA /* ScreenToGIFManager.swift */,
				37E47A592176EACA00C7E693 /* Extension */,
			);
			path = Common;
			sourceTree = "<group>";
		};
		37E47A4C2175E59C00C7E693 /* AR */ = {
			isa = PBXGroup;
			children = (
				37E47A4D2175E5F700C7E693 /* ARViewController.swift */,
				37E47A5721767F5F00C7E693 /* ARViewController.xib */,
				3715DEA32178FF8F00885E84 /* ARPresenter.swift */,
				3715DEA721790B9500885E84 /* ARView.PrexComponents.swift */,
				3715DEA52179096300885E84 /* ARViewDelegateProxy.swift */,
				37E47A5521765E4400C7E693 /* ARShredderLayer.swift */,
				37E47A5E2176EE7000C7E693 /* ARShredderNode.swift */,
			);
			path = AR;
			sourceTree = "<group>";
		};
		37E47A592176EACA00C7E693 /* Extension */ = {
			isa = PBXGroup;
			children = (
				37E47A5C2176EB1000C7E693 /* Additional.swift */,
				37E47A5A2176EADB00C7E693 /* UIImage.extension.swift */,
				37D45B1121B450CE00B531C9 /* DispatchQueue.extension.swift */,
			);
			path = Extension;
			sourceTree = "<group>";
		};
/* End PBXGroup section */

/* Begin PBXNativeTarget section */
		375D300A216D15D700D5B953 /* ArtShredder */ = {
			isa = PBXNativeTarget;
			buildConfigurationList = 375D301D216D15D800D5B953 /* Build configuration list for PBXNativeTarget "ArtShredder" */;
			buildPhases = (
				F33D5ABB3B5FEF8EE47FEDB6 /* [CP] Check Pods Manifest.lock */,
				375D3007216D15D700D5B953 /* Sources */,
				375D3008216D15D700D5B953 /* Frameworks */,
				375D3009216D15D700D5B953 /* Resources */,
				3715DEA02178FEC200885E84 /* ShellScript */,
			);
			buildRules = (
			);
			dependencies = (
			);
			name = ArtShredder;
			productName = Shuretta;
			productReference = 375D300B216D15D700D5B953 /* ArtShredder.app */;
			productType = "com.apple.product-type.application";
		};
/* End PBXNativeTarget section */

/* Begin PBXProject section */
		375D3003216D15D700D5B953 /* Project object */ = {
			isa = PBXProject;
			attributes = {
				LastSwiftUpdateCheck = 1000;
				LastUpgradeCheck = 1000;
				ORGANIZATIONNAME = "marty-suzuki";
				TargetAttributes = {
					375D300A216D15D700D5B953 = {
						CreatedOnToolsVersion = 10.0;
					};
				};
			};
			buildConfigurationList = 375D3006216D15D700D5B953 /* Build configuration list for PBXProject "ArtShredder" */;
			compatibilityVersion = "Xcode 9.3";
			developmentRegion = en;
			hasScannedForEncodings = 0;
			knownRegions = (
				en,
				Base,
				ja,
			);
			mainGroup = 375D3002216D15D700D5B953;
			productRefGroup = 375D300C216D15D700D5B953 /* Products */;
			projectDirPath = "";
			projectRoot = "";
			targets = (
				375D300A216D15D700D5B953 /* ArtShredder */,
			);
		};
/* End PBXProject section */

/* Begin PBXResourcesBuildPhase section */
		375D3009216D15D700D5B953 /* Resources */ = {
			isa = PBXResourcesBuildPhase;
			buildActionMask = 2147483647;
			files = (
				378D64AD2183720100908138 /* ShredderViewController.xib in Resources */,
				375D3019216D15D800D5B953 /* LaunchScreen.storyboard in Resources */,
				37E47A5821767F5F00C7E693 /* ARViewController.xib in Resources */,
				37A069A22172F1F40083873F /* Localizable.strings in Resources */,
				375D3016216D15D800D5B953 /* Assets.xcassets in Resources */,
				37BB0CD52173142700C175EB /* InfoPlist.strings in Resources */,
				378D64B02183741500908138 /* SettingViewController.xib in Resources */,
			);
			runOnlyForDeploymentPostprocessing = 0;
		};
/* End PBXResourcesBuildPhase section */

/* Begin PBXShellScriptBuildPhase section */
		3715DEA02178FEC200885E84 /* ShellScript */ = {
			isa = PBXShellScriptBuildPhase;
			buildActionMask = 2147483647;
			files = (
			);
			inputFileListPaths = (
			);
			inputPaths = (
				"$(SRCROOT)/Carthage/Build/iOS/Prex.framework",
			);
			outputFileListPaths = (
			);
			outputPaths = (
			);
			runOnlyForDeploymentPostprocessing = 0;
			shellPath = /bin/sh;
			shellScript = "/usr/local/bin/carthage copy-frameworks\n";
		};
		F33D5ABB3B5FEF8EE47FEDB6 /* [CP] Check Pods Manifest.lock */ = {
			isa = PBXShellScriptBuildPhase;
			buildActionMask = 2147483647;
			files = (
			);
			inputFileListPaths = (
			);
			inputPaths = (
				"${PODS_PODFILE_DIR_PATH}/Podfile.lock",
				"${PODS_ROOT}/Manifest.lock",
			);
			name = "[CP] Check Pods Manifest.lock";
			outputFileListPaths = (
			);
			outputPaths = (
				"$(DERIVED_FILE_DIR)/Pods-ArtShredder-checkManifestLockResult.txt",
			);
			runOnlyForDeploymentPostprocessing = 0;
			shellPath = /bin/sh;
			shellScript = "diff \"${PODS_PODFILE_DIR_PATH}/Podfile.lock\" \"${PODS_ROOT}/Manifest.lock\" > /dev/null\nif [ $? != 0 ] ; then\n    # print error to STDERR\n    echo \"error: The sandbox is not in sync with the Podfile.lock. Run 'pod install' or update your CocoaPods installation.\" >&2\n    exit 1\nfi\n# This output is used by Xcode 'outputs' to avoid re-running this script phase.\necho \"SUCCESS\" > \"${SCRIPT_OUTPUT_FILE_0}\"\n";
			showEnvVarsInLog = 0;
		};
/* End PBXShellScriptBuildPhase section */

/* Begin PBXSourcesBuildPhase section */
		375D3007216D15D700D5B953 /* Sources */ = {
			isa = PBXSourcesBuildPhase;
			buildActionMask = 2147483647;
			files = (
				37D45B1221B450CE00B531C9 /* DispatchQueue.extension.swift in Sources */,
				37E47A5621765E4400C7E693 /* ARShredderLayer.swift in Sources */,
				3771D611216FCBF7003909BE /* SettingViewController.swift in Sources */,
				37D45B0E21B43EE800B531C9 /* ScreenCaptureManager.swift in Sources */,
				3715DEA821790B9500885E84 /* ARView.PrexComponents.swift in Sources */,
				37E47A4E2175E5F700C7E693 /* ARViewController.swift in Sources */,
				3771D609216FC61E003909BE /* AdMobConfig.swift in Sources */,
				37135EC321B5946400A0B9AA /* ScreenToGIFManager.swift in Sources */,
				37135EC121B592EB00A0B9AA /* GIFMaker.swift in Sources */,
				3715DEA62179096300885E84 /* ARViewDelegateProxy.swift in Sources */,
				37E47A5D2176EB1000C7E693 /* Additional.swift in Sources */,
				37E47A5F2176EE7000C7E693 /* ARShredderNode.swift in Sources */,
				378D64B92183829500908138 /* SettingView.PrexComponets.swift in Sources */,
				37E47A5B2176EADB00C7E693 /* UIImage.extension.swift in Sources */,
				378D64B3218378E900908138 /* Secret.swift in Sources */,
				378D64B721837E0800908138 /* SettingPresenter.swift in Sources */,
				378D64B521837AA400908138 /* LocalizedString.swift in Sources */,
				378D64AB218371BD00908138 /* ShredderViewController.swift in Sources */,
				375D300F216D15D700D5B953 /* AppDelegate.swift in Sources */,
				37D45B0C21B43CDA00B531C9 /* ScreenRecorder.swift in Sources */,
				3715DEA42178FF8F00885E84 /* ARPresenter.swift in Sources */,
			);
			runOnlyForDeploymentPostprocessing = 0;
		};
/* End PBXSourcesBuildPhase section */

/* Begin PBXVariantGroup section */
		375D3017216D15D800D5B953 /* LaunchScreen.storyboard */ = {
			isa = PBXVariantGroup;
			children = (
				375D3018216D15D800D5B953 /* Base */,
			);
			name = LaunchScreen.storyboard;
			sourceTree = "<group>";
		};
		37A069A42172F1F40083873F /* Localizable.strings */ = {
			isa = PBXVariantGroup;
			children = (
				37A069A32172F1F40083873F /* en */,
				37A069A52172F2110083873F /* ja */,
			);
			name = Localizable.strings;
			sourceTree = "<group>";
		};
		37BB0CD72173142700C175EB /* InfoPlist.strings */ = {
			isa = PBXVariantGroup;
			children = (
				37BB0CD62173142700C175EB /* en */,
				37BB0CD82173142900C175EB /* ja */,
			);
			name = InfoPlist.strings;
			sourceTree = "<group>";
		};
/* End PBXVariantGroup section */

/* Begin XCBuildConfiguration section */
		375D301B216D15D800D5B953 /* Debug */ = {
			isa = XCBuildConfiguration;
			buildSettings = {
				ALWAYS_SEARCH_USER_PATHS = NO;
				CLANG_ANALYZER_LOCALIZABILITY_NONLOCALIZED = YES;
				CLANG_ANALYZER_NONNULL = YES;
				CLANG_ANALYZER_NUMBER_OBJECT_CONVERSION = YES_AGGRESSIVE;
				CLANG_CXX_LANGUAGE_STANDARD = "gnu++14";
				CLANG_CXX_LIBRARY = "libc++";
				CLANG_ENABLE_MODULES = YES;
				CLANG_ENABLE_OBJC_ARC = YES;
				CLANG_ENABLE_OBJC_WEAK = YES;
				CLANG_WARN_BLOCK_CAPTURE_AUTORELEASING = YES;
				CLANG_WARN_BOOL_CONVERSION = YES;
				CLANG_WARN_COMMA = YES;
				CLANG_WARN_CONSTANT_CONVERSION = YES;
				CLANG_WARN_DEPRECATED_OBJC_IMPLEMENTATIONS = YES;
				CLANG_WARN_DIRECT_OBJC_ISA_USAGE = YES_ERROR;
				CLANG_WARN_DOCUMENTATION_COMMENTS = YES;
				CLANG_WARN_EMPTY_BODY = YES;
				CLANG_WARN_ENUM_CONVERSION = YES;
				CLANG_WARN_INFINITE_RECURSION = YES;
				CLANG_WARN_INT_CONVERSION = YES;
				CLANG_WARN_NON_LITERAL_NULL_CONVERSION = YES;
				CLANG_WARN_OBJC_IMPLICIT_RETAIN_SELF = YES;
				CLANG_WARN_OBJC_LITERAL_CONVERSION = YES;
				CLANG_WARN_OBJC_ROOT_CLASS = YES_ERROR;
				CLANG_WARN_RANGE_LOOP_ANALYSIS = YES;
				CLANG_WARN_STRICT_PROTOTYPES = YES;
				CLANG_WARN_SUSPICIOUS_MOVE = YES;
				CLANG_WARN_UNGUARDED_AVAILABILITY = YES_AGGRESSIVE;
				CLANG_WARN_UNREACHABLE_CODE = YES;
				CLANG_WARN__DUPLICATE_METHOD_MATCH = YES;
				CODE_SIGN_IDENTITY = "iPhone Developer";
				COPY_PHASE_STRIP = NO;
				DEBUG_INFORMATION_FORMAT = dwarf;
				ENABLE_STRICT_OBJC_MSGSEND = YES;
				ENABLE_TESTABILITY = YES;
				GCC_C_LANGUAGE_STANDARD = gnu11;
				GCC_DYNAMIC_NO_PIC = NO;
				GCC_NO_COMMON_BLOCKS = YES;
				GCC_OPTIMIZATION_LEVEL = 0;
				GCC_PREPROCESSOR_DEFINITIONS = (
					"DEBUG=1",
					"$(inherited)",
				);
				GCC_WARN_64_TO_32_BIT_CONVERSION = YES;
				GCC_WARN_ABOUT_RETURN_TYPE = YES_ERROR;
				GCC_WARN_UNDECLARED_SELECTOR = YES;
				GCC_WARN_UNINITIALIZED_AUTOS = YES_AGGRESSIVE;
				GCC_WARN_UNUSED_FUNCTION = YES;
				GCC_WARN_UNUSED_VARIABLE = YES;
				IPHONEOS_DEPLOYMENT_TARGET = 12.0;
				MTL_ENABLE_DEBUG_INFO = INCLUDE_SOURCE;
				MTL_FAST_MATH = YES;
				ONLY_ACTIVE_ARCH = YES;
				SDKROOT = iphoneos;
				SWIFT_ACTIVE_COMPILATION_CONDITIONS = DEBUG;
				SWIFT_OPTIMIZATION_LEVEL = "-Onone";
			};
			name = Debug;
		};
		375D301C216D15D800D5B953 /* Release */ = {
			isa = XCBuildConfiguration;
			buildSettings = {
				ALWAYS_SEARCH_USER_PATHS = NO;
				CLANG_ANALYZER_LOCALIZABILITY_NONLOCALIZED = YES;
				CLANG_ANALYZER_NONNULL = YES;
				CLANG_ANALYZER_NUMBER_OBJECT_CONVERSION = YES_AGGRESSIVE;
				CLANG_CXX_LANGUAGE_STANDARD = "gnu++14";
				CLANG_CXX_LIBRARY = "libc++";
				CLANG_ENABLE_MODULES = YES;
				CLANG_ENABLE_OBJC_ARC = YES;
				CLANG_ENABLE_OBJC_WEAK = YES;
				CLANG_WARN_BLOCK_CAPTURE_AUTORELEASING = YES;
				CLANG_WARN_BOOL_CONVERSION = YES;
				CLANG_WARN_COMMA = YES;
				CLANG_WARN_CONSTANT_CONVERSION = YES;
				CLANG_WARN_DEPRECATED_OBJC_IMPLEMENTATIONS = YES;
				CLANG_WARN_DIRECT_OBJC_ISA_USAGE = YES_ERROR;
				CLANG_WARN_DOCUMENTATION_COMMENTS = YES;
				CLANG_WARN_EMPTY_BODY = YES;
				CLANG_WARN_ENUM_CONVERSION = YES;
				CLANG_WARN_INFINITE_RECURSION = YES;
				CLANG_WARN_INT_CONVERSION = YES;
				CLANG_WARN_NON_LITERAL_NULL_CONVERSION = YES;
				CLANG_WARN_OBJC_IMPLICIT_RETAIN_SELF = YES;
				CLANG_WARN_OBJC_LITERAL_CONVERSION = YES;
				CLANG_WARN_OBJC_ROOT_CLASS = YES_ERROR;
				CLANG_WARN_RANGE_LOOP_ANALYSIS = YES;
				CLANG_WARN_STRICT_PROTOTYPES = YES;
				CLANG_WARN_SUSPICIOUS_MOVE = YES;
				CLANG_WARN_UNGUARDED_AVAILABILITY = YES_AGGRESSIVE;
				CLANG_WARN_UNREACHABLE_CODE = YES;
				CLANG_WARN__DUPLICATE_METHOD_MATCH = YES;
				CODE_SIGN_IDENTITY = "iPhone Developer";
				COPY_PHASE_STRIP = NO;
				DEBUG_INFORMATION_FORMAT = "dwarf-with-dsym";
				ENABLE_NS_ASSERTIONS = NO;
				ENABLE_STRICT_OBJC_MSGSEND = YES;
				GCC_C_LANGUAGE_STANDARD = gnu11;
				GCC_NO_COMMON_BLOCKS = YES;
				GCC_WARN_64_TO_32_BIT_CONVERSION = YES;
				GCC_WARN_ABOUT_RETURN_TYPE = YES_ERROR;
				GCC_WARN_UNDECLARED_SELECTOR = YES;
				GCC_WARN_UNINITIALIZED_AUTOS = YES_AGGRESSIVE;
				GCC_WARN_UNUSED_FUNCTION = YES;
				GCC_WARN_UNUSED_VARIABLE = YES;
				IPHONEOS_DEPLOYMENT_TARGET = 12.0;
				MTL_ENABLE_DEBUG_INFO = NO;
				MTL_FAST_MATH = YES;
				SDKROOT = iphoneos;
				SWIFT_COMPILATION_MODE = wholemodule;
				SWIFT_OPTIMIZATION_LEVEL = "-O";
				VALIDATE_PRODUCT = YES;
			};
			name = Release;
		};
		375D301E216D15D800D5B953 /* Debug */ = {
			isa = XCBuildConfiguration;
			baseConfigurationReference = 8A7AB8C6A53CB22B19ED19E4 /* Pods-ArtShredder.debug.xcconfig */;
			buildSettings = {
				ASSETCATALOG_COMPILER_APPICON_NAME = AppIcon;
				CODE_SIGN_STYLE = Automatic;
				DEVELOPMENT_TEAM = 8WYW9G5NXR;
				FRAMEWORK_SEARCH_PATHS = (
					"$(inherited)",
					"$(PROJECT_DIR)/Carthage/Build/iOS",
				);
				INFOPLIST_FILE = "$(SRCROOT)/ArtShredder/Resources/Info.plist";
				IPHONEOS_DEPLOYMENT_TARGET = 11.3;
				LD_RUNPATH_SEARCH_PATHS = (
					"$(inherited)",
					"@executable_path/Frameworks",
				);
				PRODUCT_BUNDLE_IDENTIFIER = jp.co.ArtShredder;
				PRODUCT_NAME = "$(TARGET_NAME)";
				SWIFT_VERSION = 4.2;
				TARGETED_DEVICE_FAMILY = "1,2";
			};
			name = Debug;
		};
		375D301F216D15D800D5B953 /* Release */ = {
			isa = XCBuildConfiguration;
			baseConfigurationReference = 507343E919352EA6D8DC0C01 /* Pods-ArtShredder.release.xcconfig */;
			buildSettings = {
				ASSETCATALOG_COMPILER_APPICON_NAME = AppIcon;
				CODE_SIGN_STYLE = Automatic;
				DEVELOPMENT_TEAM = 8WYW9G5NXR;
				FRAMEWORK_SEARCH_PATHS = (
					"$(inherited)",
					"$(PROJECT_DIR)/Carthage/Build/iOS",
				);
				INFOPLIST_FILE = "$(SRCROOT)/ArtShredder/Resources/Info.plist";
				IPHONEOS_DEPLOYMENT_TARGET = 11.3;
				LD_RUNPATH_SEARCH_PATHS = (
					"$(inherited)",
					"@executable_path/Frameworks",
				);
				PRODUCT_BUNDLE_IDENTIFIER = jp.co.ArtShredder;
				PRODUCT_NAME = "$(TARGET_NAME)";
				SWIFT_VERSION = 4.2;
				TARGETED_DEVICE_FAMILY = "1,2";
			};
			name = Release;
		};
/* End XCBuildConfiguration section */

/* Begin XCConfigurationList section */
		375D3006216D15D700D5B953 /* Build configuration list for PBXProject "ArtShredder" */ = {
			isa = XCConfigurationList;
			buildConfigurations = (
				375D301B216D15D800D5B953 /* Debug */,
				375D301C216D15D800D5B953 /* Release */,
			);
			defaultConfigurationIsVisible = 0;
			defaultConfigurationName = Release;
		};
		375D301D216D15D800D5B953 /* Build configuration list for PBXNativeTarget "ArtShredder" */ = {
			isa = XCConfigurationList;
			buildConfigurations = (
				375D301E216D15D800D5B953 /* Debug */,
				375D301F216D15D800D5B953 /* Release */,
			);
			defaultConfigurationIsVisible = 0;
			defaultConfigurationName = Release;
		};
/* End XCConfigurationList section */
	};
	rootObject = 375D3003216D15D700D5B953 /* Project object */;
}
